// !$*UTF8*$!
{
	archiveVersion = 1;
	classes = {
	};
	objectVersion = 55;
	objects = {

/* Begin PBXBuildFile section */
		B8052C70279AEE9700585130 /* SetupProfileViewController.swift in Sources */ = {isa = PBXBuildFile; fileRef = B8052C6F279AEE9700585130 /* SetupProfileViewController.swift */; };
		B8052C72279AF0AF00585130 /* AddPhotoView.swift in Sources */ = {isa = PBXBuildFile; fileRef = B8052C71279AF0AF00585130 /* AddPhotoView.swift */; };
		B8052C74279C334D00585130 /* UISegmentedControl+extension.swift in Sources */ = {isa = PBXBuildFile; fileRef = B8052C73279C334D00585130 /* UISegmentedControl+extension.swift */; };
		B8052C76279DA89500585130 /* ListViewController.swift in Sources */ = {isa = PBXBuildFile; fileRef = B8052C75279DA89400585130 /* ListViewController.swift */; };
		B8052C7A279DABCF00585130 /* MainTopbarController.swift in Sources */ = {isa = PBXBuildFile; fileRef = B8052C79279DABCF00585130 /* MainTopbarController.swift */; };
		B8052C7C279DACB400585130 /* PeopleViewController.swift in Sources */ = {isa = PBXBuildFile; fileRef = B8052C7B279DACB400585130 /* PeopleViewController.swift */; };
		B8220C022791B04200E1E7EC /* AppDelegate.swift in Sources */ = {isa = PBXBuildFile; fileRef = B8220C012791B04200E1E7EC /* AppDelegate.swift */; };
		B8220C042791B04200E1E7EC /* SceneDelegate.swift in Sources */ = {isa = PBXBuildFile; fileRef = B8220C032791B04200E1E7EC /* SceneDelegate.swift */; };
		B8220C062791B04200E1E7EC /* AuthViewController.swift in Sources */ = {isa = PBXBuildFile; fileRef = B8220C052791B04200E1E7EC /* AuthViewController.swift */; };
		B8220C0B2791B04400E1E7EC /* Assets.xcassets in Resources */ = {isa = PBXBuildFile; fileRef = B8220C0A2791B04400E1E7EC /* Assets.xcassets */; };
		B8220C0E2791B04400E1E7EC /* LaunchScreen.storyboard in Resources */ = {isa = PBXBuildFile; fileRef = B8220C0C2791B04400E1E7EC /* LaunchScreen.storyboard */; };
		B8220C162794486B00E1E7EC /* UIButton+Extension.swift in Sources */ = {isa = PBXBuildFile; fileRef = B8220C152794486B00E1E7EC /* UIButton+Extension.swift */; };
		B8220C1827944BDD00E1E7EC /* UIFont+extension.swift in Sources */ = {isa = PBXBuildFile; fileRef = B8220C1727944BDD00E1E7EC /* UIFont+extension.swift */; };
		B8220C1A27944CDD00E1E7EC /* UIColor+extension.swift in Sources */ = {isa = PBXBuildFile; fileRef = B8220C1927944CDD00E1E7EC /* UIColor+extension.swift */; };
		B8220C1C27944E8D00E1E7EC /* UILabel+extension.swift in Sources */ = {isa = PBXBuildFile; fileRef = B8220C1B27944E8D00E1E7EC /* UILabel+extension.swift */; };
		B8220C1E2795B0FA00E1E7EC /* UIImageView+extension.swift in Sources */ = {isa = PBXBuildFile; fileRef = B8220C1D2795B0FA00E1E7EC /* UIImageView+extension.swift */; };
		B84674672795B96400498884 /* ButtonFormView.swift in Sources */ = {isa = PBXBuildFile; fileRef = B84674662795B96400498884 /* ButtonFormView.swift */; };
		B84674692795BEB600498884 /* UIStackView+extension.swift in Sources */ = {isa = PBXBuildFile; fileRef = B84674682795BEB600498884 /* UIStackView+extension.swift */; };
		B846746B2795C4FA00498884 /* SignupViewController.swift in Sources */ = {isa = PBXBuildFile; fileRef = B846746A2795C4FA00498884 /* SignupViewController.swift */; };
		B846746D2795C82000498884 /* TextField.swift in Sources */ = {isa = PBXBuildFile; fileRef = B846746C2795C81F00498884 /* TextField.swift */; };
		B846746F279851AA00498884 /* LoginViewController.swift in Sources */ = {isa = PBXBuildFile; fileRef = B846746E279851AA00498884 /* LoginViewController.swift */; };
/* End PBXBuildFile section */

/* Begin PBXFileReference section */
		B8052C6F279AEE9700585130 /* SetupProfileViewController.swift */ = {isa = PBXFileReference; lastKnownFileType = sourcecode.swift; path = SetupProfileViewController.swift; sourceTree = "<group>"; };
		B8052C71279AF0AF00585130 /* AddPhotoView.swift */ = {isa = PBXFileReference; lastKnownFileType = sourcecode.swift; path = AddPhotoView.swift; sourceTree = "<group>"; };
		B8052C73279C334D00585130 /* UISegmentedControl+extension.swift */ = {isa = PBXFileReference; lastKnownFileType = sourcecode.swift; path = "UISegmentedControl+extension.swift"; sourceTree = "<group>"; };
		B8052C75279DA89400585130 /* ListViewController.swift */ = {isa = PBXFileReference; lastKnownFileType = sourcecode.swift; path = ListViewController.swift; sourceTree = "<group>"; };
		B8052C79279DABCF00585130 /* MainTopbarController.swift */ = {isa = PBXFileReference; lastKnownFileType = sourcecode.swift; path = MainTopbarController.swift; sourceTree = "<group>"; };
		B8052C7B279DACB400585130 /* PeopleViewController.swift */ = {isa = PBXFileReference; lastKnownFileType = sourcecode.swift; path = PeopleViewController.swift; sourceTree = "<group>"; };
		B8220BFE2791B04200E1E7EC /* myChat.app */ = {isa = PBXFileReference; explicitFileType = wrapper.application; includeInIndex = 0; path = myChat.app; sourceTree = BUILT_PRODUCTS_DIR; };
		B8220C012791B04200E1E7EC /* AppDelegate.swift */ = {isa = PBXFileReference; lastKnownFileType = sourcecode.swift; path = AppDelegate.swift; sourceTree = "<group>"; };
		B8220C032791B04200E1E7EC /* SceneDelegate.swift */ = {isa = PBXFileReference; lastKnownFileType = sourcecode.swift; path = SceneDelegate.swift; sourceTree = "<group>"; };
		B8220C052791B04200E1E7EC /* AuthViewController.swift */ = {isa = PBXFileReference; lastKnownFileType = sourcecode.swift; path = AuthViewController.swift; sourceTree = "<group>"; };
		B8220C0A2791B04400E1E7EC /* Assets.xcassets */ = {isa = PBXFileReference; lastKnownFileType = folder.assetcatalog; path = Assets.xcassets; sourceTree = "<group>"; };
		B8220C0D2791B04400E1E7EC /* Base */ = {isa = PBXFileReference; lastKnownFileType = file.storyboard; name = Base; path = Base.lproj/LaunchScreen.storyboard; sourceTree = "<group>"; };
		B8220C0F2791B04400E1E7EC /* Info.plist */ = {isa = PBXFileReference; lastKnownFileType = text.plist.xml; path = Info.plist; sourceTree = "<group>"; };
		B8220C152794486B00E1E7EC /* UIButton+Extension.swift */ = {isa = PBXFileReference; lastKnownFileType = sourcecode.swift; path = "UIButton+Extension.swift"; sourceTree = "<group>"; };
		B8220C1727944BDD00E1E7EC /* UIFont+extension.swift */ = {isa = PBXFileReference; lastKnownFileType = sourcecode.swift; path = "UIFont+extension.swift"; sourceTree = "<group>"; };
		B8220C1927944CDD00E1E7EC /* UIColor+extension.swift */ = {isa = PBXFileReference; lastKnownFileType = sourcecode.swift; path = "UIColor+extension.swift"; sourceTree = "<group>"; };
		B8220C1B27944E8D00E1E7EC /* UILabel+extension.swift */ = {isa = PBXFileReference; lastKnownFileType = sourcecode.swift; path = "UILabel+extension.swift"; sourceTree = "<group>"; };
		B8220C1D2795B0FA00E1E7EC /* UIImageView+extension.swift */ = {isa = PBXFileReference; lastKnownFileType = sourcecode.swift; path = "UIImageView+extension.swift"; sourceTree = "<group>"; };
		B84674662795B96400498884 /* ButtonFormView.swift */ = {isa = PBXFileReference; lastKnownFileType = sourcecode.swift; path = ButtonFormView.swift; sourceTree = "<group>"; };
		B84674682795BEB600498884 /* UIStackView+extension.swift */ = {isa = PBXFileReference; lastKnownFileType = sourcecode.swift; path = "UIStackView+extension.swift"; sourceTree = "<group>"; };
		B846746A2795C4FA00498884 /* SignupViewController.swift */ = {isa = PBXFileReference; lastKnownFileType = sourcecode.swift; path = SignupViewController.swift; sourceTree = "<group>"; };
		B846746C2795C81F00498884 /* TextField.swift */ = {isa = PBXFileReference; lastKnownFileType = sourcecode.swift; path = TextField.swift; sourceTree = "<group>"; };
		B846746E279851AA00498884 /* LoginViewController.swift */ = {isa = PBXFileReference; lastKnownFileType = sourcecode.swift; path = LoginViewController.swift; sourceTree = "<group>"; };
/* End PBXFileReference section */

/* Begin PBXFrameworksBuildPhase section */
		B8220BFB2791B04200E1E7EC /* Frameworks */ = {
			isa = PBXFrameworksBuildPhase;
			buildActionMask = 2147483647;
			files = (
			);
			runOnlyForDeploymentPostprocessing = 0;
		};
/* End PBXFrameworksBuildPhase section */

/* Begin PBXGroup section */
		B8052C77279DAB9C00585130 /* SignIn+Auth */ = {
			isa = PBXGroup;
			children = (
				B8220C052791B04200E1E7EC /* AuthViewController.swift */,
				B846746A2795C4FA00498884 /* SignupViewController.swift */,
				B846746E279851AA00498884 /* LoginViewController.swift */,
				B8052C6F279AEE9700585130 /* SetupProfileViewController.swift */,
			);
			name = "SignIn+Auth";
			sourceTree = "<group>";
		};
		B8052C78279DABB600585130 /* Controllers */ = {
			isa = PBXGroup;
			children = (
				B8052C79279DABCF00585130 /* MainTopbarController.swift */,
				B8052C75279DA89400585130 /* ListViewController.swift */,
				B8052C7B279DACB400585130 /* PeopleViewController.swift */,
			);
			path = Controllers;
			sourceTree = "<group>";
		};
		B8220BF52791B04200E1E7EC = {
			isa = PBXGroup;
			children = (
				B8220C002791B04200E1E7EC /* myChat */,
				B8220BFF2791B04200E1E7EC /* Products */,
			);
			sourceTree = "<group>";
		};
		B8220BFF2791B04200E1E7EC /* Products */ = {
			isa = PBXGroup;
			children = (
				B8220BFE2791B04200E1E7EC /* myChat.app */,
			);
			name = Products;
			sourceTree = "<group>";
		};
		B8220C002791B04200E1E7EC /* myChat */ = {
			isa = PBXGroup;
			children = (
				B8220C012791B04200E1E7EC /* AppDelegate.swift */,
				B8220C032791B04200E1E7EC /* SceneDelegate.swift */,
				B8052C77279DAB9C00585130 /* SignIn+Auth */,
				B8052C78279DABB600585130 /* Controllers */,
				B8220C202795B68000E1E7EC /* Extensions */,
				B8220C0A2791B04400E1E7EC /* Assets.xcassets */,
				B8220C0C2791B04400E1E7EC /* LaunchScreen.storyboard */,
				B8220C0F2791B04400E1E7EC /* Info.plist */,
			);
			path = myChat;
			sourceTree = "<group>";
		};
		B8220C1F2795B67100E1E7EC /* UIKit */ = {
			isa = PBXGroup;
			children = (
				B84674682795BEB600498884 /* UIStackView+extension.swift */,
				B8220C1D2795B0FA00E1E7EC /* UIImageView+extension.swift */,
				B8220C1B27944E8D00E1E7EC /* UILabel+extension.swift */,
				B8220C1927944CDD00E1E7EC /* UIColor+extension.swift */,
				B8220C1727944BDD00E1E7EC /* UIFont+extension.swift */,
				B8220C152794486B00E1E7EC /* UIButton+Extension.swift */,
				B8052C73279C334D00585130 /* UISegmentedControl+extension.swift */,
			);
			path = UIKit;
			sourceTree = "<group>";
		};
		B8220C202795B68000E1E7EC /* Extensions */ = {
			isa = PBXGroup;
			children = (
				B8052C71279AF0AF00585130 /* AddPhotoView.swift */,
				B84674662795B96400498884 /* ButtonFormView.swift */,
				B846746C2795C81F00498884 /* TextField.swift */,
				B8220C1F2795B67100E1E7EC /* UIKit */,
			);
			path = Extensions;
			sourceTree = "<group>";
		};
/* End PBXGroup section */

/* Begin PBXNativeTarget section */
		B8220BFD2791B04200E1E7EC /* myChat */ = {
			isa = PBXNativeTarget;
			buildConfigurationList = B8220C122791B04400E1E7EC /* Build configuration list for PBXNativeTarget "myChat" */;
			buildPhases = (
				B8220BFA2791B04200E1E7EC /* Sources */,
				B8220BFB2791B04200E1E7EC /* Frameworks */,
				B8220BFC2791B04200E1E7EC /* Resources */,
			);
			buildRules = (
			);
			dependencies = (
			);
			name = myChat;
			productName = myChat;
			productReference = B8220BFE2791B04200E1E7EC /* myChat.app */;
			productType = "com.apple.product-type.application";
		};
/* End PBXNativeTarget section */

/* Begin PBXProject section */
		B8220BF62791B04200E1E7EC /* Project object */ = {
			isa = PBXProject;
			attributes = {
				BuildIndependentTargetsInParallel = 1;
				LastSwiftUpdateCheck = 1320;
				LastUpgradeCheck = 1320;
				TargetAttributes = {
					B8220BFD2791B04200E1E7EC = {
						CreatedOnToolsVersion = 13.2.1;
					};
				};
			};
			buildConfigurationList = B8220BF92791B04200E1E7EC /* Build configuration list for PBXProject "myChat" */;
			compatibilityVersion = "Xcode 13.0";
			developmentRegion = en;
			hasScannedForEncodings = 0;
			knownRegions = (
				en,
				Base,
			);
			mainGroup = B8220BF52791B04200E1E7EC;
			productRefGroup = B8220BFF2791B04200E1E7EC /* Products */;
			projectDirPath = "";
			projectRoot = "";
			targets = (
				B8220BFD2791B04200E1E7EC /* myChat */,
			);
		};
/* End PBXProject section */

/* Begin PBXResourcesBuildPhase section */
		B8220BFC2791B04200E1E7EC /* Resources */ = {
			isa = PBXResourcesBuildPhase;
			buildActionMask = 2147483647;
			files = (
				B8220C0E2791B04400E1E7EC /* LaunchScreen.storyboard in Resources */,
				B8220C0B2791B04400E1E7EC /* Assets.xcassets in Resources */,
			);
			runOnlyForDeploymentPostprocessing = 0;
		};
/* End PBXResourcesBuildPhase section */

/* Begin PBXSourcesBuildPhase section */
		B8220BFA2791B04200E1E7EC /* Sources */ = {
			isa = PBXSourcesBuildPhase;
			buildActionMask = 2147483647;
			files = (
				B8052C76279DA89500585130 /* ListViewController.swift in Sources */,
				B8052C74279C334D00585130 /* UISegmentedControl+extension.swift in Sources */,
				B8220C062791B04200E1E7EC /* AuthViewController.swift in Sources */,
				B8220C1827944BDD00E1E7EC /* UIFont+extension.swift in Sources */,
				B846746B2795C4FA00498884 /* SignupViewController.swift in Sources */,
				B8052C7C279DACB400585130 /* PeopleViewController.swift in Sources */,
				B846746D2795C82000498884 /* TextField.swift in Sources */,
				B8052C70279AEE9700585130 /* SetupProfileViewController.swift in Sources */,
				B8220C1E2795B0FA00E1E7EC /* UIImageView+extension.swift in Sources */,
				B8052C7A279DABCF00585130 /* MainTopbarController.swift in Sources */,
				B84674692795BEB600498884 /* UIStackView+extension.swift in Sources */,
				B8052C72279AF0AF00585130 /* AddPhotoView.swift in Sources */,
				B84674672795B96400498884 /* ButtonFormView.swift in Sources */,
				B8220C162794486B00E1E7EC /* UIButton+Extension.swift in Sources */,
				B8220C1A27944CDD00E1E7EC /* UIColor+extension.swift in Sources */,
				B8220C022791B04200E1E7EC /* AppDelegate.swift in Sources */,
				B8220C042791B04200E1E7EC /* SceneDelegate.swift in Sources */,
				B846746F279851AA00498884 /* LoginViewController.swift in Sources */,
				B8220C1C27944E8D00E1E7EC /* UILabel+extension.swift in Sources */,
			);
			runOnlyForDeploymentPostprocessing = 0;
		};
/* End PBXSourcesBuildPhase section */

/* Begin PBXVariantGroup section */
		B8220C0C2791B04400E1E7EC /* LaunchScreen.storyboard */ = {
			isa = PBXVariantGroup;
			children = (
				B8220C0D2791B04400E1E7EC /* Base */,
			);
			name = LaunchScreen.storyboard;
			sourceTree = "<group>";
		};
/* End PBXVariantGroup section */

/* Begin XCBuildConfiguration section */
		B8220C102791B04400E1E7EC /* Debug */ = {
			isa = XCBuildConfiguration;
			buildSettings = {
				ALWAYS_SEARCH_USER_PATHS = NO;
				CLANG_ANALYZER_NONNULL = YES;
				CLANG_ANALYZER_NUMBER_OBJECT_CONVERSION = YES_AGGRESSIVE;
				CLANG_CXX_LANGUAGE_STANDARD = "gnu++17";
				CLANG_CXX_LIBRARY = "libc++";
				CLANG_ENABLE_MODULES = YES;
				CLANG_ENABLE_OBJC_ARC = YES;
				CLANG_ENABLE_OBJC_WEAK = YES;
				CLANG_WARN_BLOCK_CAPTURE_AUTORELEASING = YES;
				CLANG_WARN_BOOL_CONVERSION = YES;
				CLANG_WARN_COMMA = YES;
				CLANG_WARN_CONSTANT_CONVERSION = YES;
				CLANG_WARN_DEPRECATED_OBJC_IMPLEMENTATIONS = YES;
				CLANG_WARN_DIRECT_OBJC_ISA_USAGE = YES_ERROR;
				CLANG_WARN_DOCUMENTATION_COMMENTS = YES;
				CLANG_WARN_EMPTY_BODY = YES;
				CLANG_WARN_ENUM_CONVERSION = YES;
				CLANG_WARN_INFINITE_RECURSION = YES;
				CLANG_WARN_INT_CONVERSION = YES;
				CLANG_WARN_NON_LITERAL_NULL_CONVERSION = YES;
				CLANG_WARN_OBJC_IMPLICIT_RETAIN_SELF = YES;
				CLANG_WARN_OBJC_LITERAL_CONVERSION = YES;
				CLANG_WARN_OBJC_ROOT_CLASS = YES_ERROR;
				CLANG_WARN_QUOTED_INCLUDE_IN_FRAMEWORK_HEADER = YES;
				CLANG_WARN_RANGE_LOOP_ANALYSIS = YES;
				CLANG_WARN_STRICT_PROTOTYPES = YES;
				CLANG_WARN_SUSPICIOUS_MOVE = YES;
				CLANG_WARN_UNGUARDED_AVAILABILITY = YES_AGGRESSIVE;
				CLANG_WARN_UNREACHABLE_CODE = YES;
				CLANG_WARN__DUPLICATE_METHOD_MATCH = YES;
				COPY_PHASE_STRIP = NO;
				DEBUG_INFORMATION_FORMAT = dwarf;
				ENABLE_STRICT_OBJC_MSGSEND = YES;
				ENABLE_TESTABILITY = YES;
				GCC_C_LANGUAGE_STANDARD = gnu11;
				GCC_DYNAMIC_NO_PIC = NO;
				GCC_NO_COMMON_BLOCKS = YES;
				GCC_OPTIMIZATION_LEVEL = 0;
				GCC_PREPROCESSOR_DEFINITIONS = (
					"DEBUG=1",
					"$(inherited)",
				);
				GCC_WARN_64_TO_32_BIT_CONVERSION = YES;
				GCC_WARN_ABOUT_RETURN_TYPE = YES_ERROR;
				GCC_WARN_UNDECLARED_SELECTOR = YES;
				GCC_WARN_UNINITIALIZED_AUTOS = YES_AGGRESSIVE;
				GCC_WARN_UNUSED_FUNCTION = YES;
				GCC_WARN_UNUSED_VARIABLE = YES;
				IPHONEOS_DEPLOYMENT_TARGET = 15.2;
				MTL_ENABLE_DEBUG_INFO = INCLUDE_SOURCE;
				MTL_FAST_MATH = YES;
				ONLY_ACTIVE_ARCH = YES;
				SDKROOT = iphoneos;
				SWIFT_ACTIVE_COMPILATION_CONDITIONS = DEBUG;
				SWIFT_OPTIMIZATION_LEVEL = "-Onone";
			};
			name = Debug;
		};
		B8220C112791B04400E1E7EC /* Release */ = {
			isa = XCBuildConfiguration;
			buildSettings = {
				ALWAYS_SEARCH_USER_PATHS = NO;
				CLANG_ANALYZER_NONNULL = YES;
				CLANG_ANALYZER_NUMBER_OBJECT_CONVERSION = YES_AGGRESSIVE;
				CLANG_CXX_LANGUAGE_STANDARD = "gnu++17";
				CLANG_CXX_LIBRARY = "libc++";
				CLANG_ENABLE_MODULES = YES;
				CLANG_ENABLE_OBJC_ARC = YES;
				CLANG_ENABLE_OBJC_WEAK = YES;
				CLANG_WARN_BLOCK_CAPTURE_AUTORELEASING = YES;
				CLANG_WARN_BOOL_CONVERSION = YES;
				CLANG_WARN_COMMA = YES;
				CLANG_WARN_CONSTANT_CONVERSION = YES;
				CLANG_WARN_DEPRECATED_OBJC_IMPLEMENTATIONS = YES;
				CLANG_WARN_DIRECT_OBJC_ISA_USAGE = YES_ERROR;
				CLANG_WARN_DOCUMENTATION_COMMENTS = YES;
				CLANG_WARN_EMPTY_BODY = YES;
				CLANG_WARN_ENUM_CONVERSION = YES;
				CLANG_WARN_INFINITE_RECURSION = YES;
				CLANG_WARN_INT_CONVERSION = YES;
				CLANG_WARN_NON_LITERAL_NULL_CONVERSION = YES;
				CLANG_WARN_OBJC_IMPLICIT_RETAIN_SELF = YES;
				CLANG_WARN_OBJC_LITERAL_CONVERSION = YES;
				CLANG_WARN_OBJC_ROOT_CLASS = YES_ERROR;
				CLANG_WARN_QUOTED_INCLUDE_IN_FRAMEWORK_HEADER = YES;
				CLANG_WARN_RANGE_LOOP_ANALYSIS = YES;
				CLANG_WARN_STRICT_PROTOTYPES = YES;
				CLANG_WARN_SUSPICIOUS_MOVE = YES;
				CLANG_WARN_UNGUARDED_AVAILABILITY = YES_AGGRESSIVE;
				CLANG_WARN_UNREACHABLE_CODE = YES;
				CLANG_WARN__DUPLICATE_METHOD_MATCH = YES;
				COPY_PHASE_STRIP = NO;
				DEBUG_INFORMATION_FORMAT = "dwarf-with-dsym";
				ENABLE_NS_ASSERTIONS = NO;
				ENABLE_STRICT_OBJC_MSGSEND = YES;
				GCC_C_LANGUAGE_STANDARD = gnu11;
				GCC_NO_COMMON_BLOCKS = YES;
				GCC_WARN_64_TO_32_BIT_CONVERSION = YES;
				GCC_WARN_ABOUT_RETURN_TYPE = YES_ERROR;
				GCC_WARN_UNDECLARED_SELECTOR = YES;
				GCC_WARN_UNINITIALIZED_AUTOS = YES_AGGRESSIVE;
				GCC_WARN_UNUSED_FUNCTION = YES;
				GCC_WARN_UNUSED_VARIABLE = YES;
				IPHONEOS_DEPLOYMENT_TARGET = 15.2;
				MTL_ENABLE_DEBUG_INFO = NO;
				MTL_FAST_MATH = YES;
				SDKROOT = iphoneos;
				SWIFT_COMPILATION_MODE = wholemodule;
				SWIFT_OPTIMIZATION_LEVEL = "-O";
				VALIDATE_PRODUCT = YES;
			};
			name = Release;
		};
		B8220C132791B04400E1E7EC /* Debug */ = {
			isa = XCBuildConfiguration;
			buildSettings = {
				ASSETCATALOG_COMPILER_APPICON_NAME = AppIcon;
				ASSETCATALOG_COMPILER_GLOBAL_ACCENT_COLOR_NAME = AccentColor;
				CODE_SIGN_STYLE = Automatic;
				CURRENT_PROJECT_VERSION = 1;
				DEVELOPMENT_TEAM = 3SJ4Y68PW7;
				GENERATE_INFOPLIST_FILE = YES;
				INFOPLIST_FILE = myChat/Info.plist;
				INFOPLIST_KEY_UIApplicationSupportsIndirectInputEvents = YES;
				INFOPLIST_KEY_UILaunchStoryboardName = LaunchScreen;
				INFOPLIST_KEY_UISupportedInterfaceOrientations_iPad = "UIInterfaceOrientationPortrait UIInterfaceOrientationPortraitUpsideDown UIInterfaceOrientationLandscapeLeft UIInterfaceOrientationLandscapeRight";
				INFOPLIST_KEY_UISupportedInterfaceOrientations_iPhone = "UIInterfaceOrientationPortrait UIInterfaceOrientationLandscapeLeft UIInterfaceOrientationLandscapeRight";
				LD_RUNPATH_SEARCH_PATHS = (
					"$(inherited)",
					"@executable_path/Frameworks",
				);
				MARKETING_VERSION = 1.0;
				PRODUCT_BUNDLE_IDENTIFIER = slothCoder.Inc.myChat;
				PRODUCT_NAME = "$(TARGET_NAME)";
				SWIFT_EMIT_LOC_STRINGS = YES;
				SWIFT_VERSION = 5.0;
				TARGETED_DEVICE_FAMILY = "1,2";
			};
			name = Debug;
		};
		B8220C142791B04400E1E7EC /* Release */ = {
			isa = XCBuildConfiguration;
			buildSettings = {
				ASSETCATALOG_COMPILER_APPICON_NAME = AppIcon;
				ASSETCATALOG_COMPILER_GLOBAL_ACCENT_COLOR_NAME = AccentColor;
				CODE_SIGN_STYLE = Automatic;
				CURRENT_PROJECT_VERSION = 1;
				DEVELOPMENT_TEAM = 3SJ4Y68PW7;
				GENERATE_INFOPLIST_FILE = YES;
				INFOPLIST_FILE = myChat/Info.plist;
				INFOPLIST_KEY_UIApplicationSupportsIndirectInputEvents = YES;
				INFOPLIST_KEY_UILaunchStoryboardName = LaunchScreen;
				INFOPLIST_KEY_UISupportedInterfaceOrientations_iPad = "UIInterfaceOrientationPortrait UIInterfaceOrientationPortraitUpsideDown UIInterfaceOrientationLandscapeLeft UIInterfaceOrientationLandscapeRight";
				INFOPLIST_KEY_UISupportedInterfaceOrientations_iPhone = "UIInterfaceOrientationPortrait UIInterfaceOrientationLandscapeLeft UIInterfaceOrientationLandscapeRight";
				LD_RUNPATH_SEARCH_PATHS = (
					"$(inherited)",
					"@executable_path/Frameworks",
				);
				MARKETING_VERSION = 1.0;
				PRODUCT_BUNDLE_IDENTIFIER = slothCoder.Inc.myChat;
				PRODUCT_NAME = "$(TARGET_NAME)";
				SWIFT_EMIT_LOC_STRINGS = YES;
				SWIFT_VERSION = 5.0;
				TARGETED_DEVICE_FAMILY = "1,2";
			};
			name = Release;
		};
/* End XCBuildConfiguration section */

/* Begin XCConfigurationList section */
		B8220BF92791B04200E1E7EC /* Build configuration list for PBXProject "myChat" */ = {
			isa = XCConfigurationList;
			buildConfigurations = (
				B8220C102791B04400E1E7EC /* Debug */,
				B8220C112791B04400E1E7EC /* Release */,
			);
			defaultConfigurationIsVisible = 0;
			defaultConfigurationName = Release;
		};
		B8220C122791B04400E1E7EC /* Build configuration list for PBXNativeTarget "myChat" */ = {
			isa = XCConfigurationList;
			buildConfigurations = (
				B8220C132791B04400E1E7EC /* Debug */,
				B8220C142791B04400E1E7EC /* Release */,
			);
			defaultConfigurationIsVisible = 0;
			defaultConfigurationName = Release;
		};
/* End XCConfigurationList section */
	};
	rootObject = B8220BF62791B04200E1E7EC /* Project object */;
}
